
Microsoft Visual Studio Solution File, Format Version 12.00
# Visual Studio Version 17
VisualStudioVersion = 17.8.34511.84
MinimumVisualStudioVersion = 10.0.40219.1
Project("{FAE04EC0-301F-11D3-BF4B-00C04F79EFBC}") = "MyHealthApp.Android", "MyHealthApp.Android\MyHealthApp.Android.csproj", "{C20BD3AE-D610-4139-BF6E-CAD2FFAA7C88}"
EndProject
Project("{FAE04EC0-301F-11D3-BF4B-00C04F79EFBC}") = "MyHealthApp", "MyHealthApp\MyHealthApp.csproj", "{6C462372-6376-4F88-A80A-F80F38E8831D}"
EndProject
Global
	GlobalSection(SolutionConfigurationPlatforms) = preSolution
		Debug|Any CPU = Debug|Any CPU
		Release|Any CPU = Release|Any CPU
	EndGlobalSection
	GlobalSection(ProjectConfigurationPlatforms) = postSolution
		{C20BD3AE-D610-4139-BF6E-CAD2FFAA7C88}.Debug|Any CPU.ActiveCfg = Debug|Any CPU
		{C20BD3AE-D610-4139-BF6E-CAD2FFAA7C88}.Debug|Any CPU.Build.0 = Debug|Any CPU
		{C20BD3AE-D610-4139-BF6E-CAD2FFAA7C88}.Debug|Any CPU.Deploy.0 = Debug|Any CPU
		{C20BD3AE-D610-4139-BF6E-CAD2FFAA7C88}.Release|Any CPU.ActiveCfg = Release|Any CPU
		{C20BD3AE-D610-4139-BF6E-CAD2FFAA7C88}.Release|Any CPU.Build.0 = Release|Any CPU
		{C20BD3AE-D610-4139-BF6E-CAD2FFAA7C88}.Release|Any CPU.Deploy.0 = Release|Any CPU
		{6C462372-6376-4F88-A80A-F80F38E8831D}.Debug|Any CPU.ActiveCfg = Debug|Any CPU
		{6C462372-6376-4F88-A80A-F80F38E8831D}.Debug|Any CPU.Build.0 = Debug|Any CPU
		{6C462372-6376-4F88-A80A-F80F38E8831D}.Debug|Any CPU.Deploy.0 = Debug|Any CPU
		{6C462372-6376-4F88-A80A-F80F38E8831D}.Release|Any CPU.ActiveCfg = Release|Any CPU
		{6C462372-6376-4F88-A80A-F80F38E8831D}.Release|Any CPU.Build.0 = Release|Any CPU
		{6C462372-6376-4F88-A80A-F80F38E8831D}.Release|Any CPU.Deploy.0 = Release|Any CPU
	EndGlobalSection
	GlobalSection(SolutionProperties) = preSolution
		HideSolutionNode = FALSE
	EndGlobalSection
	GlobalSection(ExtensibilityGlobals) = postSolution
		SolutionGuid = {CE851CCC-F579-47B5-AADC-61047BDE7267}
	EndGlobalSection
EndGlobal
